{
  "name": "fonts",
  "lockfileVersion": 3,
  "requires": true,
  "packages": {
    "": {
      "dependencies": {
        "@fontsource/red-hat-display": "^5.0.5",
        "@fontsource/red-hat-mono": "^5.0.5",
        "@fontsource/red-hat-text": "^5.0.5",
        "@fontsource/roboto": "^5.0.5",
        "bootstrap-icons": "^1.10.5"
      }
    },
    "node_modules/@fontsource/red-hat-display": {
      "version": "5.0.5",
      "resolved": "https://registry.npmjs.org/@fontsource/red-hat-display/-/red-hat-display-5.0.5.tgz",
      "integrity": "sha512-hm2zr8gsDg1xseu68GX775rkdkTENVC0kp0NYBuQLGt5iVQu/3Yn707byzp0f0WwcA85xDO8MmobF22Dy81Ylw=="
    },
    "node_modules/@fontsource/red-hat-mono": {
      "version": "5.0.5",
      "resolved": "https://registry.npmjs.org/@fontsource/red-hat-mono/-/red-hat-mono-5.0.5.tgz",
      "integrity": "sha512-YZEGszFBMe3oEM1KddD4QZxl59S/52KD6gLUnKztICdMVc1GTYbQNx+irWMsV6mKU6V9VRTZ63b/4FZxSAh3iw=="
    },
    "node_modules/@fontsource/red-hat-text": {
      "version": "5.0.5",
      "resolved": "https://registry.npmjs.org/@fontsource/red-hat-text/-/red-hat-text-5.0.5.tgz",
      "integrity": "sha512-bisC32GZ4WOLnu2UXKB1WPvARXOtXv8dgAY3tpNXkzW1wnk+nwLQHXhksU3CAELpOTt7n6frq2uuTeb07NPr0Q=="
    },
    "node_modules/@fontsource/roboto": {
      "version": "5.0.5",
      "resolved": "https://registry.npmjs.org/@fontsource/roboto/-/roboto-5.0.5.tgz",
      "integrity": "sha512-IMXFq5AMgGx0sgNLfwWsmPuy3qa7lmDmQcXXihqwF4mT2UpD725cbxZj93ERY793OWon+6V1ANax02I3nt9+4w=="
    },
    "node_modules/bootstrap-icons": {
      "version": "1.10.5",
      "resolved": "https://registry.npmjs.org/bootstrap-icons/-/bootstrap-icons-1.10.5.tgz",
      "integrity": "sha512-oSX26F37V7QV7NCE53PPEL45d7EGXmBgHG3pDpZvcRaKVzWMqIRL9wcqJUyEha1esFtM3NJzvmxFXDxjJYD0jQ==",
      "funding": [
        {
          "type": "github",
          "url": "https://github.com/sponsors/twbs"
        },
        {
          "type": "opencollective",
          "url": "https://opencollective.com/bootstrap"
        }
      ]
    }
  }
}
